
Microsoft Visual Studio Solution File, Format Version 12.00
# Visual Studio Version 17
VisualStudioVersion = 17.0.31903.59
MinimumVisualStudioVersion = 10.0.40219.1
Project("{FAE04EC0-301F-11D3-BF4B-00C04F79EFBC}") = "EventPulse.API", "EventPulse.API\EventPulse.API.csproj", "{AC1D5FB7-F18B-47A9-863A-096776E539D3}"
EndProject
Project("{FAE04EC0-301F-11D3-BF4B-00C04F79EFBC}") = "EventPulse.Core", "EventPulse.Core\EventPulse.Core.csproj", "{8C987D9F-D85A-45D8-9668-DC40E6DDFFDA}"
EndProject
Project("{FAE04EC0-301F-11D3-BF4B-00C04F79EFBC}") = "EventPulse.Infrastructure", "EventPulse.Infrastructure\EventPulse.Infrastructure.csproj", "{37B64846-06DA-4EF7-A7FC-A5918208D2C9}"
EndProject
Project("{2150E333-8FDC-42A3-9474-1A3956D46DE8}") = "src", "src", "{827E0CD3-B72D-47B6-A68D-7590B98EB39B}"
EndProject
Project("{FAE04EC0-301F-11D3-BF4B-00C04F79EFBC}") = "EventPulse.API", "src\EventPulse.API\EventPulse.API.csproj", "{E9D89F59-4148-4FA1-BCF2-8FCF5F5AE632}"
EndProject
Project("{FAE04EC0-301F-11D3-BF4B-00C04F79EFBC}") = "EventPulse.Core", "src\EventPulse.Core\EventPulse.Core.csproj", "{7BBD6ACF-F517-4ACE-9009-D0517A139420}"
EndProject
Project("{FAE04EC0-301F-11D3-BF4B-00C04F79EFBC}") = "EventPulse.Infrastructure", "src\EventPulse.Infrastructure\EventPulse.Infrastructure.csproj", "{7436D1FD-994D-4CD5-B2BA-8613497D9F1F}"
EndProject
Global
	GlobalSection(SolutionConfigurationPlatforms) = preSolution
		Debug|Any CPU = Debug|Any CPU
		Debug|x64 = Debug|x64
		Debug|x86 = Debug|x86
		Release|Any CPU = Release|Any CPU
		Release|x64 = Release|x64
		Release|x86 = Release|x86
	EndGlobalSection
	GlobalSection(ProjectConfigurationPlatforms) = postSolution
		{AC1D5FB7-F18B-47A9-863A-096776E539D3}.Debug|Any CPU.ActiveCfg = Debug|Any CPU
		{AC1D5FB7-F18B-47A9-863A-096776E539D3}.Debug|Any CPU.Build.0 = Debug|Any CPU
		{AC1D5FB7-F18B-47A9-863A-096776E539D3}.Debug|x64.ActiveCfg = Debug|Any CPU
		{AC1D5FB7-F18B-47A9-863A-096776E539D3}.Debug|x64.Build.0 = Debug|Any CPU
		{AC1D5FB7-F18B-47A9-863A-096776E539D3}.Debug|x86.ActiveCfg = Debug|Any CPU
		{AC1D5FB7-F18B-47A9-863A-096776E539D3}.Debug|x86.Build.0 = Debug|Any CPU
		{AC1D5FB7-F18B-47A9-863A-096776E539D3}.Release|Any CPU.ActiveCfg = Release|Any CPU
		{AC1D5FB7-F18B-47A9-863A-096776E539D3}.Release|Any CPU.Build.0 = Release|Any CPU
		{AC1D5FB7-F18B-47A9-863A-096776E539D3}.Release|x64.ActiveCfg = Release|Any CPU
		{AC1D5FB7-F18B-47A9-863A-096776E539D3}.Release|x64.Build.0 = Release|Any CPU
		{AC1D5FB7-F18B-47A9-863A-096776E539D3}.Release|x86.ActiveCfg = Release|Any CPU
		{AC1D5FB7-F18B-47A9-863A-096776E539D3}.Release|x86.Build.0 = Release|Any CPU
		{8C987D9F-D85A-45D8-9668-DC40E6DDFFDA}.Debug|Any CPU.ActiveCfg = Debug|Any CPU
		{8C987D9F-D85A-45D8-9668-DC40E6DDFFDA}.Debug|Any CPU.Build.0 = Debug|Any CPU
		{8C987D9F-D85A-45D8-9668-DC40E6DDFFDA}.Debug|x64.ActiveCfg = Debug|Any CPU
		{8C987D9F-D85A-45D8-9668-DC40E6DDFFDA}.Debug|x64.Build.0 = Debug|Any CPU
		{8C987D9F-D85A-45D8-9668-DC40E6DDFFDA}.Debug|x86.ActiveCfg = Debug|Any CPU
		{8C987D9F-D85A-45D8-9668-DC40E6DDFFDA}.Debug|x86.Build.0 = Debug|Any CPU
		{8C987D9F-D85A-45D8-9668-DC40E6DDFFDA}.Release|Any CPU.ActiveCfg = Release|Any CPU
		{8C987D9F-D85A-45D8-9668-DC40E6DDFFDA}.Release|Any CPU.Build.0 = Release|Any CPU
		{8C987D9F-D85A-45D8-9668-DC40E6DDFFDA}.Release|x64.ActiveCfg = Release|Any CPU
		{8C987D9F-D85A-45D8-9668-DC40E6DDFFDA}.Release|x64.Build.0 = Release|Any CPU
		{8C987D9F-D85A-45D8-9668-DC40E6DDFFDA}.Release|x86.ActiveCfg = Release|Any CPU
		{8C987D9F-D85A-45D8-9668-DC40E6DDFFDA}.Release|x86.Build.0 = Release|Any CPU
		{37B64846-06DA-4EF7-A7FC-A5918208D2C9}.Debug|Any CPU.ActiveCfg = Debug|Any CPU
		{37B64846-06DA-4EF7-A7FC-A5918208D2C9}.Debug|Any CPU.Build.0 = Debug|Any CPU
		{37B64846-06DA-4EF7-A7FC-A5918208D2C9}.Debug|x64.ActiveCfg = Debug|Any CPU
		{37B64846-06DA-4EF7-A7FC-A5918208D2C9}.Debug|x64.Build.0 = Debug|Any CPU
		{37B64846-06DA-4EF7-A7FC-A5918208D2C9}.Debug|x86.ActiveCfg = Debug|Any CPU
		{37B64846-06DA-4EF7-A7FC-A5918208D2C9}.Debug|x86.Build.0 = Debug|Any CPU
		{37B64846-06DA-4EF7-A7FC-A5918208D2C9}.Release|Any CPU.ActiveCfg = Release|Any CPU
		{37B64846-06DA-4EF7-A7FC-A5918208D2C9}.Release|Any CPU.Build.0 = Release|Any CPU
		{37B64846-06DA-4EF7-A7FC-A5918208D2C9}.Release|x64.ActiveCfg = Release|Any CPU
		{37B64846-06DA-4EF7-A7FC-A5918208D2C9}.Release|x64.Build.0 = Release|Any CPU
		{37B64846-06DA-4EF7-A7FC-A5918208D2C9}.Release|x86.ActiveCfg = Release|Any CPU
		{37B64846-06DA-4EF7-A7FC-A5918208D2C9}.Release|x86.Build.0 = Release|Any CPU
		{E9D89F59-4148-4FA1-BCF2-8FCF5F5AE632}.Debug|Any CPU.ActiveCfg = Debug|Any CPU
		{E9D89F59-4148-4FA1-BCF2-8FCF5F5AE632}.Debug|Any CPU.Build.0 = Debug|Any CPU
		{E9D89F59-4148-4FA1-BCF2-8FCF5F5AE632}.Debug|x64.ActiveCfg = Debug|Any CPU
		{E9D89F59-4148-4FA1-BCF2-8FCF5F5AE632}.Debug|x64.Build.0 = Debug|Any CPU
		{E9D89F59-4148-4FA1-BCF2-8FCF5F5AE632}.Debug|x86.ActiveCfg = Debug|Any CPU
		{E9D89F59-4148-4FA1-BCF2-8FCF5F5AE632}.Debug|x86.Build.0 = Debug|Any CPU
		{E9D89F59-4148-4FA1-BCF2-8FCF5F5AE632}.Release|Any CPU.ActiveCfg = Release|Any CPU
		{E9D89F59-4148-4FA1-BCF2-8FCF5F5AE632}.Release|Any CPU.Build.0 = Release|Any CPU
		{E9D89F59-4148-4FA1-BCF2-8FCF5F5AE632}.Release|x64.ActiveCfg = Release|Any CPU
		{E9D89F59-4148-4FA1-BCF2-8FCF5F5AE632}.Release|x64.Build.0 = Release|Any CPU
		{E9D89F59-4148-4FA1-BCF2-8FCF5F5AE632}.Release|x86.ActiveCfg = Release|Any CPU
		{E9D89F59-4148-4FA1-BCF2-8FCF5F5AE632}.Release|x86.Build.0 = Release|Any CPU
		{7BBD6ACF-F517-4ACE-9009-D0517A139420}.Debug|Any CPU.ActiveCfg = Debug|Any CPU
		{7BBD6ACF-F517-4ACE-9009-D0517A139420}.Debug|Any CPU.Build.0 = Debug|Any CPU
		{7BBD6ACF-F517-4ACE-9009-D0517A139420}.Debug|x64.ActiveCfg = Debug|Any CPU
		{7BBD6ACF-F517-4ACE-9009-D0517A139420}.Debug|x64.Build.0 = Debug|Any CPU
		{7BBD6ACF-F517-4ACE-9009-D0517A139420}.Debug|x86.ActiveCfg = Debug|Any CPU
		{7BBD6ACF-F517-4ACE-9009-D0517A139420}.Debug|x86.Build.0 = Debug|Any CPU
		{7BBD6ACF-F517-4ACE-9009-D0517A139420}.Release|Any CPU.ActiveCfg = Release|Any CPU
		{7BBD6ACF-F517-4ACE-9009-D0517A139420}.Release|Any CPU.Build.0 = Release|Any CPU
		{7BBD6ACF-F517-4ACE-9009-D0517A139420}.Release|x64.ActiveCfg = Release|Any CPU
		{7BBD6ACF-F517-4ACE-9009-D0517A139420}.Release|x64.Build.0 = Release|Any CPU
		{7BBD6ACF-F517-4ACE-9009-D0517A139420}.Release|x86.ActiveCfg = Release|Any CPU
		{7BBD6ACF-F517-4ACE-9009-D0517A139420}.Release|x86.Build.0 = Release|Any CPU
		{7436D1FD-994D-4CD5-B2BA-8613497D9F1F}.Debug|Any CPU.ActiveCfg = Debug|Any CPU
		{7436D1FD-994D-4CD5-B2BA-8613497D9F1F}.Debug|Any CPU.Build.0 = Debug|Any CPU
		{7436D1FD-994D-4CD5-B2BA-8613497D9F1F}.Debug|x64.ActiveCfg = Debug|Any CPU
		{7436D1FD-994D-4CD5-B2BA-8613497D9F1F}.Debug|x64.Build.0 = Debug|Any CPU
		{7436D1FD-994D-4CD5-B2BA-8613497D9F1F}.Debug|x86.ActiveCfg = Debug|Any CPU
		{7436D1FD-994D-4CD5-B2BA-8613497D9F1F}.Debug|x86.Build.0 = Debug|Any CPU
		{7436D1FD-994D-4CD5-B2BA-8613497D9F1F}.Release|Any CPU.ActiveCfg = Release|Any CPU
		{7436D1FD-994D-4CD5-B2BA-8613497D9F1F}.Release|Any CPU.Build.0 = Release|Any CPU
		{7436D1FD-994D-4CD5-B2BA-8613497D9F1F}.Release|x64.ActiveCfg = Release|Any CPU
		{7436D1FD-994D-4CD5-B2BA-8613497D9F1F}.Release|x64.Build.0 = Release|Any CPU
		{7436D1FD-994D-4CD5-B2BA-8613497D9F1F}.Release|x86.ActiveCfg = Release|Any CPU
		{7436D1FD-994D-4CD5-B2BA-8613497D9F1F}.Release|x86.Build.0 = Release|Any CPU
	EndGlobalSection
	GlobalSection(SolutionProperties) = preSolution
		HideSolutionNode = FALSE
	EndGlobalSection
	GlobalSection(NestedProjects) = preSolution
		{E9D89F59-4148-4FA1-BCF2-8FCF5F5AE632} = {827E0CD3-B72D-47B6-A68D-7590B98EB39B}
		{7BBD6ACF-F517-4ACE-9009-D0517A139420} = {827E0CD3-B72D-47B6-A68D-7590B98EB39B}
		{7436D1FD-994D-4CD5-B2BA-8613497D9F1F} = {827E0CD3-B72D-47B6-A68D-7590B98EB39B}
	EndGlobalSection
EndGlobal
