
Microsoft Visual Studio Solution File, Format Version 12.00
# Visual Studio Version 17
VisualStudioVersion = 17.0.31903.59
MinimumVisualStudioVersion = 10.0.40219.1
Project("{2150E333-8FDC-42A3-9474-1A3956D46DE8}") = "src", "src", "{827E0CD3-B72D-47B6-A68D-7590B98EB39B}"
EndProject
Project("{FAE04EC0-301F-11D3-BF4B-00C04F79EFBC}") = "EventPulse.API", "src\EventPulse.API\EventPulse.API.csproj", "{F7F3C35B-8694-43C3-A8D3-BB890805F692}"
EndProject
Project("{FAE04EC0-301F-11D3-BF4B-00C04F79EFBC}") = "EventPulse.Core", "src\EventPulse.Core\EventPulse.Core.csproj", "{19789AC5-3908-4F83-82B2-727EC284BE89}"
EndProject
Project("{FAE04EC0-301F-11D3-BF4B-00C04F79EFBC}") = "EventPulse.Infrastructure", "src\EventPulse.Infrastructure\EventPulse.Infrastructure.csproj", "{96251389-6C1A-41CF-A217-CAC06A5C38C7}"
EndProject
Global
	GlobalSection(SolutionConfigurationPlatforms) = preSolution
		Debug|Any CPU = Debug|Any CPU
		Debug|x64 = Debug|x64
		Debug|x86 = Debug|x86
		Release|Any CPU = Release|Any CPU
		Release|x64 = Release|x64
		Release|x86 = Release|x86
	EndGlobalSection
	GlobalSection(ProjectConfigurationPlatforms) = postSolution
		{F7F3C35B-8694-43C3-A8D3-BB890805F692}.Debug|Any CPU.ActiveCfg = Debug|Any CPU
		{F7F3C35B-8694-43C3-A8D3-BB890805F692}.Debug|Any CPU.Build.0 = Debug|Any CPU
		{F7F3C35B-8694-43C3-A8D3-BB890805F692}.Debug|x64.ActiveCfg = Debug|Any CPU
		{F7F3C35B-8694-43C3-A8D3-BB890805F692}.Debug|x64.Build.0 = Debug|Any CPU
		{F7F3C35B-8694-43C3-A8D3-BB890805F692}.Debug|x86.ActiveCfg = Debug|Any CPU
		{F7F3C35B-8694-43C3-A8D3-BB890805F692}.Debug|x86.Build.0 = Debug|Any CPU
		{F7F3C35B-8694-43C3-A8D3-BB890805F692}.Release|Any CPU.ActiveCfg = Release|Any CPU
		{F7F3C35B-8694-43C3-A8D3-BB890805F692}.Release|Any CPU.Build.0 = Release|Any CPU
		{F7F3C35B-8694-43C3-A8D3-BB890805F692}.Release|x64.ActiveCfg = Release|Any CPU
		{F7F3C35B-8694-43C3-A8D3-BB890805F692}.Release|x64.Build.0 = Release|Any CPU
		{F7F3C35B-8694-43C3-A8D3-BB890805F692}.Release|x86.ActiveCfg = Release|Any CPU
		{F7F3C35B-8694-43C3-A8D3-BB890805F692}.Release|x86.Build.0 = Release|Any CPU
		{19789AC5-3908-4F83-82B2-727EC284BE89}.Debug|Any CPU.ActiveCfg = Debug|Any CPU
		{19789AC5-3908-4F83-82B2-727EC284BE89}.Debug|Any CPU.Build.0 = Debug|Any CPU
		{19789AC5-3908-4F83-82B2-727EC284BE89}.Debug|x64.ActiveCfg = Debug|Any CPU
		{19789AC5-3908-4F83-82B2-727EC284BE89}.Debug|x64.Build.0 = Debug|Any CPU
		{19789AC5-3908-4F83-82B2-727EC284BE89}.Debug|x86.ActiveCfg = Debug|Any CPU
		{19789AC5-3908-4F83-82B2-727EC284BE89}.Debug|x86.Build.0 = Debug|Any CPU
		{19789AC5-3908-4F83-82B2-727EC284BE89}.Release|Any CPU.ActiveCfg = Release|Any CPU
		{19789AC5-3908-4F83-82B2-727EC284BE89}.Release|Any CPU.Build.0 = Release|Any CPU
		{19789AC5-3908-4F83-82B2-727EC284BE89}.Release|x64.ActiveCfg = Release|Any CPU
		{19789AC5-3908-4F83-82B2-727EC284BE89}.Release|x64.Build.0 = Release|Any CPU
		{19789AC5-3908-4F83-82B2-727EC284BE89}.Release|x86.ActiveCfg = Release|Any CPU
		{19789AC5-3908-4F83-82B2-727EC284BE89}.Release|x86.Build.0 = Release|Any CPU
		{96251389-6C1A-41CF-A217-CAC06A5C38C7}.Debug|Any CPU.ActiveCfg = Debug|Any CPU
		{96251389-6C1A-41CF-A217-CAC06A5C38C7}.Debug|Any CPU.Build.0 = Debug|Any CPU
		{96251389-6C1A-41CF-A217-CAC06A5C38C7}.Debug|x64.ActiveCfg = Debug|Any CPU
		{96251389-6C1A-41CF-A217-CAC06A5C38C7}.Debug|x64.Build.0 = Debug|Any CPU
		{96251389-6C1A-41CF-A217-CAC06A5C38C7}.Debug|x86.ActiveCfg = Debug|Any CPU
		{96251389-6C1A-41CF-A217-CAC06A5C38C7}.Debug|x86.Build.0 = Debug|Any CPU
		{96251389-6C1A-41CF-A217-CAC06A5C38C7}.Release|Any CPU.ActiveCfg = Release|Any CPU
		{96251389-6C1A-41CF-A217-CAC06A5C38C7}.Release|Any CPU.Build.0 = Release|Any CPU
		{96251389-6C1A-41CF-A217-CAC06A5C38C7}.Release|x64.ActiveCfg = Release|Any CPU
		{96251389-6C1A-41CF-A217-CAC06A5C38C7}.Release|x64.Build.0 = Release|Any CPU
		{96251389-6C1A-41CF-A217-CAC06A5C38C7}.Release|x86.ActiveCfg = Release|Any CPU
		{96251389-6C1A-41CF-A217-CAC06A5C38C7}.Release|x86.Build.0 = Release|Any CPU
	EndGlobalSection
	GlobalSection(SolutionProperties) = preSolution
		HideSolutionNode = FALSE
	EndGlobalSection
	GlobalSection(NestedProjects) = preSolution
		{F7F3C35B-8694-43C3-A8D3-BB890805F692} = {827E0CD3-B72D-47B6-A68D-7590B98EB39B}
		{19789AC5-3908-4F83-82B2-727EC284BE89} = {827E0CD3-B72D-47B6-A68D-7590B98EB39B}
		{96251389-6C1A-41CF-A217-CAC06A5C38C7} = {827E0CD3-B72D-47B6-A68D-7590B98EB39B}
	EndGlobalSection
EndGlobal
